{
  "version": "5",
  "specifiers": {
    "jsr:@oak/commons@1": "1.0.1",
    "jsr:@std/assert@1": "1.0.13",
    "jsr:@std/bytes@1": "1.0.6",
    "jsr:@std/crypto@1": "1.0.5",
    "jsr:@std/encoding@1": "1.0.10",
    "jsr:@std/encoding@^1.0.10": "1.0.10",
    "jsr:@std/http@1": "1.0.18",
    "jsr:@std/media-types@1": "1.1.0",
    "jsr:@std/path@1": "1.1.0",
    "npm:@google/genai@1.6.0": "1.6.0_zod@3.25.67",
    "npm:path-to-regexp@^6.3.0": "6.3.0",
    "npm:zod@^3.25.67": "3.25.67"
  },
  "jsr": {
    "@oak/commons@1.0.1": {
      "integrity": "889ff210f0b4292591721be07244ecb1b5c118742f5273c70cf30d7cd4184d0c",
      "dependencies": [
        "jsr:@std/assert",
        "jsr:@std/bytes",
        "jsr:@std/crypto",
        "jsr:@std/encoding@1",
        "jsr:@std/http",
        "jsr:@std/media-types"
      ]
    },
    "@std/assert@1.0.13": {
      "integrity": "ae0d31e41919b12c656c742b22522c32fb26ed0cba32975cb0de2a273cb68b29"
    },
    "@std/bytes@1.0.6": {
      "integrity": "f6ac6adbd8ccd99314045f5703e23af0a68d7f7e58364b47d2c7f408aeb5820a"
    },
    "@std/crypto@1.0.5": {
      "integrity": "0dcfbb319fe0bba1bd3af904ceb4f948cde1b92979ec1614528380ed308a3b40"
    },
    "@std/encoding@1.0.10": {
      "integrity": "8783c6384a2d13abd5e9e87a7ae0520a30e9f56aeeaa3bdf910a3eaaf5c811a1"
    },
    "@std/http@1.0.18": {
      "integrity": "8d9546aa532c52a0cf318c74616db0638b4c1073405355d1b14f9e1591dccf20",
      "dependencies": [
        "jsr:@std/encoding@^1.0.10"
      ]
    },
    "@std/media-types@1.1.0": {
      "integrity": "c9d093f0c05c3512932b330e3cc1fe1d627b301db33a4c2c2185c02471d6eaa4"
    },
    "@std/path@1.1.0": {
      "integrity": "ddc94f8e3c275627281cbc23341df6b8bcc874d70374f75fec2533521e3d6886"
    }
  },
  "npm": {
    "@google/genai@1.6.0_zod@3.25.67": {
      "integrity": "sha512-0vn8wMGesjiEsHeFsl10T8+SFqLj7q+RSE6mml66sE+jwI7U9wW2LQ3qYtwUEaI+P8ZYeEYE5IpYmNLcRQUBPQ==",
      "dependencies": [
        "google-auth-library",
        "ws",
        "zod",
        "zod-to-json-schema"
      ]
    },
    "agent-base@7.1.3": {
      "integrity": "sha512-jRR5wdylq8CkOe6hei19GGZnxM6rBGwFl3Bg0YItGDimvjGtAvdZk4Pu6Cl4u4Igsws4a1fd1Vq3ezrhn4KmFw=="
    },
    "base64-js@1.5.1": {
      "integrity": "sha512-AKpaYlHn8t4SVbOHCy+b5+KKgvR4vrsD8vbvrbiQJps7fKDTkjkDry6ji0rUJjC0kzbNePLwzxq8iypo41qeWA=="
    },
    "bignumber.js@9.3.0": {
      "integrity": "sha512-EM7aMFTXbptt/wZdMlBv2t8IViwQL+h6SLHosp8Yf0dqJMTnY6iL32opnAB6kAdL0SZPuvcAzFr31o0c/R3/RA=="
    },
    "buffer-equal-constant-time@1.0.1": {
      "integrity": "sha512-zRpUiDwd/xk6ADqPMATG8vc9VPrkck7T07OIx0gnjmJAnHnTVXNQG3vfvWNuiZIkwu9KrKdA1iJKfsfTVxE6NA=="
    },
    "debug@4.4.1": {
      "integrity": "sha512-KcKCqiftBJcZr++7ykoDIEwSa3XWowTfNPo92BYxjXiyYEVrUQh2aLyhxBCwww+heortUFxEJYcRzosstTEBYQ==",
      "dependencies": [
        "ms"
      ]
    },
    "ecdsa-sig-formatter@1.0.11": {
      "integrity": "sha512-nagl3RYrbNv6kQkeJIpt6NJZy8twLB/2vtz6yN9Z4vRKHN4/QZJIEbqohALSgwKdnksuY3k5Addp5lg8sVoVcQ==",
      "dependencies": [
        "safe-buffer"
      ]
    },
    "extend@3.0.2": {
      "integrity": "sha512-fjquC59cD7CyW6urNXK0FBufkZcoiGG80wTuPujX590cB5Ttln20E2UB4S/WARVqhXffZl2LNgS+gQdPIIim/g=="
    },
    "gaxios@6.7.1": {
      "integrity": "sha512-LDODD4TMYx7XXdpwxAVRAIAuB0bzv0s+ywFonY46k126qzQHT9ygyoa9tncmOiQmmDrik65UYsEkv3lbfqQ3yQ==",
      "dependencies": [
        "extend",
        "https-proxy-agent",
        "is-stream",
        "node-fetch",
        "uuid"
      ]
    },
    "gcp-metadata@6.1.1": {
      "integrity": "sha512-a4tiq7E0/5fTjxPAaH4jpjkSv/uCaU2p5KC6HVGrvl0cDjA8iBZv4vv1gyzlmK0ZUKqwpOyQMKzZQe3lTit77A==",
      "dependencies": [
        "gaxios",
        "google-logging-utils",
        "json-bigint"
      ]
    },
    "google-auth-library@9.15.1": {
      "integrity": "sha512-Jb6Z0+nvECVz+2lzSMt9u98UsoakXxA2HGHMCxh+so3n90XgYWkq5dur19JAJV7ONiJY22yBTyJB1TSkvPq9Ng==",
      "dependencies": [
        "base64-js",
        "ecdsa-sig-formatter",
        "gaxios",
        "gcp-metadata",
        "gtoken",
        "jws"
      ]
    },
    "google-logging-utils@0.0.2": {
      "integrity": "sha512-NEgUnEcBiP5HrPzufUkBzJOD/Sxsco3rLNo1F1TNf7ieU8ryUzBhqba8r756CjLX7rn3fHl6iLEwPYuqpoKgQQ=="
    },
    "gtoken@7.1.0": {
      "integrity": "sha512-pCcEwRi+TKpMlxAQObHDQ56KawURgyAf6jtIY046fJ5tIv3zDe/LEIubckAO8fj6JnAxLdmWkUfNyulQ2iKdEw==",
      "dependencies": [
        "gaxios",
        "jws"
      ]
    },
    "https-proxy-agent@7.0.6": {
      "integrity": "sha512-vK9P5/iUfdl95AI+JVyUuIcVtd4ofvtrOr3HNtM2yxC9bnMbEdp3x01OhQNnjb8IJYi38VlTE3mBXwcfvywuSw==",
      "dependencies": [
        "agent-base",
        "debug"
      ]
    },
    "is-stream@2.0.1": {
      "integrity": "sha512-hFoiJiTl63nn+kstHGBtewWSKnQLpyb155KHheA1l39uvtO9nWIop1p3udqPcUd/xbF1VLMO4n7OI6p7RbngDg=="
    },
    "json-bigint@1.0.0": {
      "integrity": "sha512-SiPv/8VpZuWbvLSMtTDU8hEfrZWg/mH/nV/b4o0CYbSxu1UIQPLdwKOCIyLQX+VIPO5vrLX3i8qtqFyhdPSUSQ==",
      "dependencies": [
        "bignumber.js"
      ]
    },
    "jwa@2.0.1": {
      "integrity": "sha512-hRF04fqJIP8Abbkq5NKGN0Bbr3JxlQ+qhZufXVr0DvujKy93ZCbXZMHDL4EOtodSbCWxOqR8MS1tXA5hwqCXDg==",
      "dependencies": [
        "buffer-equal-constant-time",
        "ecdsa-sig-formatter",
        "safe-buffer"
      ]
    },
    "jws@4.0.0": {
      "integrity": "sha512-KDncfTmOZoOMTFG4mBlG0qUIOlc03fmzH+ru6RgYVZhPkyiy/92Owlt/8UEN+a4TXR1FQetfIpJE8ApdvdVxTg==",
      "dependencies": [
        "jwa",
        "safe-buffer"
      ]
    },
    "ms@2.1.3": {
      "integrity": "sha512-6FlzubTLZG3J2a/NVCAleEhjzq5oxgHyaCU9yYXvcLsvoVaHJq/s5xXI6/XXP6tz7R9xAOtHnSO/tXtF3WRTlA=="
    },
    "node-fetch@2.7.0": {
      "integrity": "sha512-c4FRfUm/dbcWZ7U+1Wq0AwCyFL+3nt2bEw05wfxSz+DWpWsitgmSgYmy2dQdWyKC1694ELPqMs/YzUSNozLt8A==",
      "dependencies": [
        "whatwg-url"
      ]
    },
    "path-to-regexp@6.3.0": {
      "integrity": "sha512-Yhpw4T9C6hPpgPeA28us07OJeqZ5EzQTkbfwuhsUg0c237RomFoETJgmp2sa3F/41gfLE6G5cqcYwznmeEeOlQ=="
    },
    "safe-buffer@5.2.1": {
      "integrity": "sha512-rp3So07KcdmmKbGvgaNxQSJr7bGVSVk5S9Eq1F+ppbRo70+YeaDxkw5Dd8NPN+GD6bjnYm2VuPuCXmpuYvmCXQ=="
    },
    "tr46@0.0.3": {
      "integrity": "sha512-N3WMsuqV66lT30CrXNbEjx4GEwlow3v6rr4mCcv6prnfwhS01rkgyFdjPNBYd9br7LpXV1+Emh01fHnq2Gdgrw=="
    },
    "uuid@9.0.1": {
      "integrity": "sha512-b+1eJOlsR9K8HJpow9Ok3fiWOWSIcIzXodvv0rQjVoOVNpWMpxf1wZNpt4y9h10odCNrqnYp1OBzRktckBe3sA==",
      "bin": true
    },
    "webidl-conversions@3.0.1": {
      "integrity": "sha512-2JAn3z8AR6rjK8Sm8orRC0h/bcl/DqL7tRPdGZ4I1CjdF+EaMLmYxBHyXuKL849eucPFhvBoxMsflfOb8kxaeQ=="
    },
    "whatwg-url@5.0.0": {
      "integrity": "sha512-saE57nupxk6v3HY35+jzBwYa0rKSy0XR8JSxZPwgLr7ys0IBzhGviA1/TUGJLmSVqs8pb9AnvICXEuOHLprYTw==",
      "dependencies": [
        "tr46",
        "webidl-conversions"
      ]
    },
    "ws@8.18.2": {
      "integrity": "sha512-DMricUmwGZUVr++AEAe2uiVM7UoO9MAVZMDu05UQOaUII0lp+zOzLLU4Xqh/JvTqklB1T4uELaaPBKyjE1r4fQ=="
    },
    "zod-to-json-schema@3.24.5_zod@3.25.67": {
      "integrity": "sha512-/AuWwMP+YqiPbsJx5D6TfgRTc4kTLjsh5SOcd4bLsfUg2RcEXrFMJl1DGgdHy2aCfsIA/cr/1JM0xcB2GZji8g==",
      "dependencies": [
        "zod"
      ]
    },
    "zod@3.25.67": {
      "integrity": "sha512-idA2YXwpCdqUSKRCACDE6ItZD9TZzy3OZMtpfLoh6oPR47lipysRrJfjzMqFxQ3uJuUPyUeWe1r9vLH33xO/Qw=="
    }
  },
  "redirects": {
    "https://deno.land/x/cors/mod.ts": "https://deno.land/x/cors@v1.2.2/mod.ts",
    "https://deno.land/x/oak/mod.ts": "https://deno.land/x/oak@v17.1.4/mod.ts"
  },
  "remote": {
    "https://deno.land/std@0.224.0/dotenv/load.ts": "587b342f0f6a3df071331fe6ba1c823729ab68f7d53805809475e486dd4161d7",
    "https://deno.land/std@0.224.0/dotenv/mod.ts": "0180eaeedaaf88647318811cdaa418cc64dc51fb08354f91f5f480d0a1309f7d",
    "https://deno.land/std@0.224.0/dotenv/parse.ts": "09977ff88dfd1f24f9973a338f0f91bbdb9307eb5ff6085446e7c423e4c7ba0c",
    "https://deno.land/std@0.224.0/dotenv/stringify.ts": "275da322c409170160440836342eaa7cf012a1d11a7e700d8ca4e7f2f8aa4615",
    "https://deno.land/x/cors@v1.2.2/abcCors.ts": "cdf83a7eaa69a1bf3ab910d18b9422217902fac47601adcaf0afac5a61845d48",
    "https://deno.land/x/cors@v1.2.2/attainCors.ts": "7d6aba0f942495cc31119604e0895c9bb8edd8f8baa7fe78e6c655bd0b4cbf59",
    "https://deno.land/x/cors@v1.2.2/cors.ts": "0e2d9167e3685f9bcf48f565e312b6e1883fa458f7337e5ce7bc2e3b29767980",
    "https://deno.land/x/cors@v1.2.2/mithCors.ts": "3a359d6e716e0410ede278ab54d875b293a2d66d838aaa7cfbf9ddc1e9e990d3",
    "https://deno.land/x/cors@v1.2.2/mod.ts": "2b351913f56d77ad80cb3b8633d4539c9eeddb426dae79437ada0e6a9cb4f1a6",
    "https://deno.land/x/cors@v1.2.2/oakCors.ts": "1348dc7673c61b85d2e80559a7b44f8e0246eaa6bcc6ec744fafe5d9b13b5c71",
    "https://deno.land/x/cors@v1.2.2/opineCors.ts": "fb5790115c26b7061d84b8d6c17d258a1e241bcab75b0bc3ca1fdb2e57bc5072",
    "https://deno.land/x/cors@v1.2.2/types.ts": "97546633ccc7f0df7a29bacba5d91dc6f61decdd1b65258300244dba905d34b8",
    "https://deno.land/x/oak@v17.1.4/application.ts": "69fb6462eed013562ee61239e60ea77e5df3abb2b0df34568593b9774d72e98f",
    "https://deno.land/x/oak@v17.1.4/body.ts": "f91d8e0298abbabe6acb543d1090e2a41aa665375918a575d72bd6b98b538e40",
    "https://deno.land/x/oak@v17.1.4/context.ts": "e04c3d67d68ee01a279aeded457b0d66255450593dacab22251e7eb0cf6a92e5",
    "https://deno.land/x/oak@v17.1.4/deps.ts": "c71a9421d2ead7803468cd40559cf122ee91d4e81e8a3a98706956f6654e2550",
    "https://deno.land/x/oak@v17.1.4/http_server_bun.ts": "c7f3eb6464d4f047fcc9335e632ffb6bfc24e5ef7dc9a53017a6e453d4197e4b",
    "https://deno.land/x/oak@v17.1.4/http_server_native.ts": "34bab402cc9b6fdf53706699ac2c2ab88faf5c14be2ae18aa105bdc4fd6a8471",
    "https://deno.land/x/oak@v17.1.4/http_server_native_request.ts": "aa98a2f4bbf6f7651c62eb0332a95a1b0faff1d76f7a07fa8bd600766eb24488",
    "https://deno.land/x/oak@v17.1.4/http_server_node.ts": "bfbf7585fcda5a1464cd0f904ec97cbb4d67367757f3ed8cdc99a590a94b34e1",
    "https://deno.land/x/oak@v17.1.4/middleware.ts": "a701caf9d872b93d26759f77c7ad545cb29bc3d197c8375b79b2fbe7e9e60958",
    "https://deno.land/x/oak@v17.1.4/middleware/etag.ts": "f5cf8eb2a7c99ae7e11a4e31dc60beda398aec7a08be343e0de6b632f8064e4d",
    "https://deno.land/x/oak@v17.1.4/middleware/proxy.ts": "e611b7d45f58a1b2caa1cb6c435774822d7b56aa136b8dbb8691fb52d07c5182",
    "https://deno.land/x/oak@v17.1.4/middleware/serve.ts": "66f1e405ac006bfa863e8852092e03951b93dd4ba8381996a719d93d00aa62fe",
    "https://deno.land/x/oak@v17.1.4/mod.ts": "1f42341a6138310eceaf7b8e9b72be4d2a913817d1e823090dee4e7d27c68e98",
    "https://deno.land/x/oak@v17.1.4/node_shims.ts": "e411aef698dca26dfc577d8581ddab678f528bd52bf681337f3c3bcc73845a0a",
    "https://deno.land/x/oak@v17.1.4/request.ts": "5123fd70841a540809702059527a192d22f78042db1bfc4a01eebd77ec25b0fb",
    "https://deno.land/x/oak@v17.1.4/response.ts": "483f8ddd7618325e6ac28f88a3ea9926a09b3c90fa53b481a7a5202d23a0755f",
    "https://deno.land/x/oak@v17.1.4/router.ts": "e8eb2f88806dfdd303f3a663fefb7d9e614342bf40738692e9ef4b2243e1bccd",
    "https://deno.land/x/oak@v17.1.4/send.ts": "42faed583f218ed85d5da7704f36b385537947ec4de6125e20ad8acbfe8d8f68",
    "https://deno.land/x/oak@v17.1.4/testing.ts": "d6489e78d689da08b9896cd0b9b9add243466b407ce6fd63d38e29f8c0a19f5c",
    "https://deno.land/x/oak@v17.1.4/types.ts": "0e74c6c46e0fcfddd87e90fe0216c4ae50c73b113e06d3bdc4283afc7b2570d6",
    "https://deno.land/x/oak@v17.1.4/utils/clone_state.ts": "5a0784d802b86cc3dbf415dfd286025f03a261b3a8f9b3b6fd671be8e51ff027",
    "https://deno.land/x/oak@v17.1.4/utils/consts.ts": "9e14324837558d7af3d4bfc8ba5f13216a0b5d2f8dac14a3a782bc1bbfb756ef",
    "https://deno.land/x/oak@v17.1.4/utils/create_promise_with_resolvers.ts": "f7eeaf65ffa7b6cef03b8dc3fa3a3e35ae5553c6abf1a2260d7797e076acd63a",
    "https://deno.land/x/oak@v17.1.4/utils/decode.ts": "434802a09534a26cc8b8cd009ecc422b4695d22859021fe34f8093784b2483b7",
    "https://deno.land/x/oak@v17.1.4/utils/decode_component.ts": "d68e6da33bf6e733d218c0b7ce7112520640e836f4cfa2760c4aee8facf1c581",
    "https://deno.land/x/oak@v17.1.4/utils/encode_url.ts": "16b213d70f5e211fb3633f97c704f9613d2f8033669d59e0c9ca4fc26551fad6",
    "https://deno.land/x/oak@v17.1.4/utils/resolve_path.ts": "aa39d54a003b38fee55f340a0cba3f93a7af85b8ddd5fbfb049a98fc0109b36d",
    "https://deno.land/x/oak@v17.1.4/utils/streams.ts": "c85ae197f5046d58d5a3e42221254a6c8e63172f9f01b77631e480e1dcc90e05",
    "https://deno.land/x/oak@v17.1.4/utils/type_guards.ts": "92ab7dae4bc5ce10206fb21ca13bedd13a4638848be15f9752146aedeab1fea4"
  },
  "workspace": {
    "dependencies": [
      "npm:@google/genai@1.6.0",
      "npm:zod@^3.25.67"
    ]
  }
}
